// !$*UTF8*$!
{
	archiveVersion = 1;
	classes = {
	};
	objectVersion = 48;
	objects = {

/* Begin PBXBuildFile section */
		217557AD1FD3406700F3B305 /* GoogleService-Info.plist in Resources */ = {isa = PBXBuildFile; fileRef = 217557AC1FD3406700F3B305 /* GoogleService-Info.plist */; };
		4D7465181FD2FE3500198A5B /* ProfileTableViewController.swift in Sources */ = {isa = PBXBuildFile; fileRef = 4D7465171FD2FE3500198A5B /* ProfileTableViewController.swift */; };
		4D74651C1FD2FEF900198A5B /* ProfileTableViewCell.swift in Sources */ = {isa = PBXBuildFile; fileRef = 4D74651B1FD2FEF900198A5B /* ProfileTableViewCell.swift */; };
		4D74651E1FD2FF0200198A5B /* QueueTableViewCell.swift in Sources */ = {isa = PBXBuildFile; fileRef = 4D74651D1FD2FF0200198A5B /* QueueTableViewCell.swift */; };
		4D7465201FD2FF0700198A5B /* ReelTableViewCell.swift in Sources */ = {isa = PBXBuildFile; fileRef = 4D74651F1FD2FF0700198A5B /* ReelTableViewCell.swift */; };
		4D7465221FD3001300198A5B /* User.swift in Sources */ = {isa = PBXBuildFile; fileRef = 4D7465211FD3001300198A5B /* User.swift */; };
		4D7465251FD31C9A00198A5B /* BuddyTableViewController.swift in Sources */ = {isa = PBXBuildFile; fileRef = 4D7465241FD31C9A00198A5B /* BuddyTableViewController.swift */; };
		4D7465271FD31CA900198A5B /* NewsReelTableViewController.swift in Sources */ = {isa = PBXBuildFile; fileRef = 4D7465261FD31CA900198A5B /* NewsReelTableViewController.swift */; };
		4D7465291FD3223F00198A5B /* BuddyTableViewCell.swift in Sources */ = {isa = PBXBuildFile; fileRef = 4D7465281FD3223F00198A5B /* BuddyTableViewCell.swift */; };
		4D8977921FD27B970077DF52 /* AppDelegate.swift in Sources */ = {isa = PBXBuildFile; fileRef = 4D8977911FD27B970077DF52 /* AppDelegate.swift */; };
		4D8977941FD27B970077DF52 /* ViewController.swift in Sources */ = {isa = PBXBuildFile; fileRef = 4D8977931FD27B970077DF52 /* ViewController.swift */; };
		4D8977971FD27B970077DF52 /* Main.storyboard in Resources */ = {isa = PBXBuildFile; fileRef = 4D8977951FD27B970077DF52 /* Main.storyboard */; };
		4D89779A1FD27B970077DF52 /* Reel.xcdatamodeld in Sources */ = {isa = PBXBuildFile; fileRef = 4D8977981FD27B970077DF52 /* Reel.xcdatamodeld */; };
		4D89779C1FD27B970077DF52 /* Assets.xcassets in Resources */ = {isa = PBXBuildFile; fileRef = 4D89779B1FD27B970077DF52 /* Assets.xcassets */; };
		4D89779F1FD27B970077DF52 /* LaunchScreen.storyboard in Resources */ = {isa = PBXBuildFile; fileRef = 4D89779D1FD27B970077DF52 /* LaunchScreen.storyboard */; };
		4DDE7E491FD29ED7003DA4B3 /* GBAPIClient.swift in Sources */ = {isa = PBXBuildFile; fileRef = 4DDE7E481FD29ED7003DA4B3 /* GBAPIClient.swift */; };
		4DEE0BA01FD2A28200263EF2 /* GBKeys.swift in Sources */ = {isa = PBXBuildFile; fileRef = 4DEE0B9F1FD2A28200263EF2 /* GBKeys.swift */; };
		7D5ACD128C36D8B2128EF69B /* Pods_Reel.framework in Frameworks */ = {isa = PBXBuildFile; fileRef = 4E01870B30032D2FF0A3005D /* Pods_Reel.framework */; };
/* End PBXBuildFile section */

/* Begin PBXFileReference section */
		217557AC1FD3406700F3B305 /* GoogleService-Info.plist */ = {isa = PBXFileReference; fileEncoding = 4; lastKnownFileType = text.plist.xml; name = "GoogleService-Info.plist"; path = "../../Downloads/GoogleService-Info.plist"; sourceTree = "<group>"; };
		4D7465161FD2DE3E00198A5B /* Reel.entitlements */ = {isa = PBXFileReference; lastKnownFileType = text.plist.entitlements; path = Reel.entitlements; sourceTree = "<group>"; };
		4D7465171FD2FE3500198A5B /* ProfileTableViewController.swift */ = {isa = PBXFileReference; lastKnownFileType = sourcecode.swift; path = ProfileTableViewController.swift; sourceTree = "<group>"; };
		4D74651B1FD2FEF900198A5B /* ProfileTableViewCell.swift */ = {isa = PBXFileReference; lastKnownFileType = sourcecode.swift; path = ProfileTableViewCell.swift; sourceTree = "<group>"; };
		4D74651D1FD2FF0200198A5B /* QueueTableViewCell.swift */ = {isa = PBXFileReference; lastKnownFileType = sourcecode.swift; path = QueueTableViewCell.swift; sourceTree = "<group>"; };
		4D74651F1FD2FF0700198A5B /* ReelTableViewCell.swift */ = {isa = PBXFileReference; lastKnownFileType = sourcecode.swift; path = ReelTableViewCell.swift; sourceTree = "<group>"; };
		4D7465211FD3001300198A5B /* User.swift */ = {isa = PBXFileReference; lastKnownFileType = sourcecode.swift; path = User.swift; sourceTree = "<group>"; };
		4D7465241FD31C9A00198A5B /* BuddyTableViewController.swift */ = {isa = PBXFileReference; lastKnownFileType = sourcecode.swift; path = BuddyTableViewController.swift; sourceTree = "<group>"; };
		4D7465261FD31CA900198A5B /* NewsReelTableViewController.swift */ = {isa = PBXFileReference; lastKnownFileType = sourcecode.swift; path = NewsReelTableViewController.swift; sourceTree = "<group>"; };
		4D7465281FD3223F00198A5B /* BuddyTableViewCell.swift */ = {isa = PBXFileReference; lastKnownFileType = sourcecode.swift; path = BuddyTableViewCell.swift; sourceTree = "<group>"; };
		4D89778E1FD27B970077DF52 /* Reel.app */ = {isa = PBXFileReference; explicitFileType = wrapper.application; includeInIndex = 0; path = Reel.app; sourceTree = BUILT_PRODUCTS_DIR; };
		4D8977911FD27B970077DF52 /* AppDelegate.swift */ = {isa = PBXFileReference; lastKnownFileType = sourcecode.swift; path = AppDelegate.swift; sourceTree = "<group>"; };
		4D8977931FD27B970077DF52 /* ViewController.swift */ = {isa = PBXFileReference; lastKnownFileType = sourcecode.swift; path = ViewController.swift; sourceTree = "<group>"; };
		4D8977961FD27B970077DF52 /* Base */ = {isa = PBXFileReference; lastKnownFileType = file.storyboard; name = Base; path = Base.lproj/Main.storyboard; sourceTree = "<group>"; };
		4D8977991FD27B970077DF52 /* Reel.xcdatamodel */ = {isa = PBXFileReference; lastKnownFileType = wrapper.xcdatamodel; path = Reel.xcdatamodel; sourceTree = "<group>"; };
		4D89779B1FD27B970077DF52 /* Assets.xcassets */ = {isa = PBXFileReference; lastKnownFileType = folder.assetcatalog; path = Assets.xcassets; sourceTree = "<group>"; };
		4D89779E1FD27B970077DF52 /* Base */ = {isa = PBXFileReference; lastKnownFileType = file.storyboard; name = Base; path = Base.lproj/LaunchScreen.storyboard; sourceTree = "<group>"; };
		4D8977A01FD27B970077DF52 /* Info.plist */ = {isa = PBXFileReference; lastKnownFileType = text.plist.xml; path = Info.plist; sourceTree = "<group>"; };
		4DDE7E481FD29ED7003DA4B3 /* GBAPIClient.swift */ = {isa = PBXFileReference; lastKnownFileType = sourcecode.swift; path = GBAPIClient.swift; sourceTree = "<group>"; };
		4DEE0B9F1FD2A28200263EF2 /* GBKeys.swift */ = {isa = PBXFileReference; lastKnownFileType = sourcecode.swift; path = GBKeys.swift; sourceTree = "<group>"; };
		4E01870B30032D2FF0A3005D /* Pods_Reel.framework */ = {isa = PBXFileReference; explicitFileType = wrapper.framework; includeInIndex = 0; path = Pods_Reel.framework; sourceTree = BUILT_PRODUCTS_DIR; };
		9AE9DD874A7C01698B82655A /* Pods-Reel.debug.xcconfig */ = {isa = PBXFileReference; includeInIndex = 1; lastKnownFileType = text.xcconfig; name = "Pods-Reel.debug.xcconfig"; path = "Pods/Target Support Files/Pods-Reel/Pods-Reel.debug.xcconfig"; sourceTree = "<group>"; };
		CAA02DBDE7128004F15E22EC /* Pods-Reel.release.xcconfig */ = {isa = PBXFileReference; includeInIndex = 1; lastKnownFileType = text.xcconfig; name = "Pods-Reel.release.xcconfig"; path = "Pods/Target Support Files/Pods-Reel/Pods-Reel.release.xcconfig"; sourceTree = "<group>"; };
/* End PBXFileReference section */

/* Begin PBXFrameworksBuildPhase section */
		4D89778B1FD27B970077DF52 /* Frameworks */ = {
			isa = PBXFrameworksBuildPhase;
			buildActionMask = 2147483647;
			files = (
				7D5ACD128C36D8B2128EF69B /* Pods_Reel.framework in Frameworks */,
			);
			runOnlyForDeploymentPostprocessing = 0;
		};
/* End PBXFrameworksBuildPhase section */

/* Begin PBXGroup section */
		4D7465191FD2FECC00198A5B /* CellVC */ = {
			isa = PBXGroup;
			children = (
				4D74651B1FD2FEF900198A5B /* ProfileTableViewCell.swift */,
				4D74651D1FD2FF0200198A5B /* QueueTableViewCell.swift */,
				4D74651F1FD2FF0700198A5B /* ReelTableViewCell.swift */,
				4D7465281FD3223F00198A5B /* BuddyTableViewCell.swift */,
			);
			path = CellVC;
			sourceTree = "<group>";
		};
		4D7465231FD31C6F00198A5B /* TableVCs */ = {
			isa = PBXGroup;
			children = (
				4D7465171FD2FE3500198A5B /* ProfileTableViewController.swift */,
				4D7465241FD31C9A00198A5B /* BuddyTableViewController.swift */,
				4D7465261FD31CA900198A5B /* NewsReelTableViewController.swift */,
			);
			path = TableVCs;
			sourceTree = "<group>";
		};
		4D8977851FD27B970077DF52 = {
			isa = PBXGroup;
			children = (
				4D8977901FD27B970077DF52 /* Reel */,
				4D89778F1FD27B970077DF52 /* Products */,
				7AEBB513C8C8A561854D7BE0 /* Pods */,
				54CAB8CD352456731F8DBB12 /* Frameworks */,
			);
			sourceTree = "<group>";
		};
		4D89778F1FD27B970077DF52 /* Products */ = {
			isa = PBXGroup;
			children = (
				4D89778E1FD27B970077DF52 /* Reel.app */,
			);
			name = Products;
			sourceTree = "<group>";
		};
		4D8977901FD27B970077DF52 /* Reel */ = {
			isa = PBXGroup;
			children = (
				4D7465231FD31C6F00198A5B /* TableVCs */,
				4D7465161FD2DE3E00198A5B /* Reel.entitlements */,
				4D8977911FD27B970077DF52 /* AppDelegate.swift */,
				4D8977931FD27B970077DF52 /* ViewController.swift */,
				4D7465211FD3001300198A5B /* User.swift */,
				4D8977951FD27B970077DF52 /* Main.storyboard */,
				4D7465191FD2FECC00198A5B /* CellVC */,
				4D89779B1FD27B970077DF52 /* Assets.xcassets */,
				4DDE7E481FD29ED7003DA4B3 /* GBAPIClient.swift */,
				4DEE0B9F1FD2A28200263EF2 /* GBKeys.swift */,
				4D89779D1FD27B970077DF52 /* LaunchScreen.storyboard */,
				4D8977A01FD27B970077DF52 /* Info.plist */,
				4D8977981FD27B970077DF52 /* Reel.xcdatamodeld */,
				217557AC1FD3406700F3B305 /* GoogleService-Info.plist */,
			);
			path = Reel;
			sourceTree = "<group>";
		};
		54CAB8CD352456731F8DBB12 /* Frameworks */ = {
			isa = PBXGroup;
			children = (
				4E01870B30032D2FF0A3005D /* Pods_Reel.framework */,
			);
			name = Frameworks;
			sourceTree = "<group>";
		};
		7AEBB513C8C8A561854D7BE0 /* Pods */ = {
			isa = PBXGroup;
			children = (
				9AE9DD874A7C01698B82655A /* Pods-Reel.debug.xcconfig */,
				CAA02DBDE7128004F15E22EC /* Pods-Reel.release.xcconfig */,
			);
			name = Pods;
			sourceTree = "<group>";
		};
/* End PBXGroup section */

/* Begin PBXNativeTarget section */
		4D89778D1FD27B970077DF52 /* Reel */ = {
			isa = PBXNativeTarget;
			buildConfigurationList = 4D8977A31FD27B970077DF52 /* Build configuration list for PBXNativeTarget "Reel" */;
			buildPhases = (
				9BD95E216F7777F54E759855 /* [CP] Check Pods Manifest.lock */,
				4D89778A1FD27B970077DF52 /* Sources */,
				4D89778B1FD27B970077DF52 /* Frameworks */,
				4D89778C1FD27B970077DF52 /* Resources */,
				8874476BAB091A14F7E1EABB /* [CP] Embed Pods Frameworks */,
				3B2355149055F720381AF4A0 /* [CP] Copy Pods Resources */,
			);
			buildRules = (
			);
			dependencies = (
			);
			name = Reel;
			productName = Reel;
			productReference = 4D89778E1FD27B970077DF52 /* Reel.app */;
			productType = "com.apple.product-type.application";
		};
/* End PBXNativeTarget section */

/* Begin PBXProject section */
		4D8977861FD27B970077DF52 /* Project object */ = {
			isa = PBXProject;
			attributes = {
				LastSwiftUpdateCheck = 0900;
				LastUpgradeCheck = 0900;
				ORGANIZATIONNAME = YHackWes;
				TargetAttributes = {
					4D89778D1FD27B970077DF52 = {
						CreatedOnToolsVersion = 9.0;
						ProvisioningStyle = Automatic;
						SystemCapabilities = {
							com.apple.Push = {
								enabled = 1;
							};
						};
					};
				};
			};
			buildConfigurationList = 4D8977891FD27B970077DF52 /* Build configuration list for PBXProject "Reel" */;
			compatibilityVersion = "Xcode 8.0";
			developmentRegion = en;
			hasScannedForEncodings = 0;
			knownRegions = (
				en,
				Base,
			);
			mainGroup = 4D8977851FD27B970077DF52;
			productRefGroup = 4D89778F1FD27B970077DF52 /* Products */;
			projectDirPath = "";
			projectRoot = "";
			targets = (
				4D89778D1FD27B970077DF52 /* Reel */,
			);
		};
/* End PBXProject section */

/* Begin PBXResourcesBuildPhase section */
		4D89778C1FD27B970077DF52 /* Resources */ = {
			isa = PBXResourcesBuildPhase;
			buildActionMask = 2147483647;
			files = (
				4D89779F1FD27B970077DF52 /* LaunchScreen.storyboard in Resources */,
				217557AD1FD3406700F3B305 /* GoogleService-Info.plist in Resources */,
				4D89779C1FD27B970077DF52 /* Assets.xcassets in Resources */,
				4D8977971FD27B970077DF52 /* Main.storyboard in Resources */,
			);
			runOnlyForDeploymentPostprocessing = 0;
		};
/* End PBXResourcesBuildPhase section */

/* Begin PBXShellScriptBuildPhase section */
		3B2355149055F720381AF4A0 /* [CP] Copy Pods Resources */ = {
			isa = PBXShellScriptBuildPhase;
			buildActionMask = 2147483647;
			files = (
			);
			inputPaths = (
			);
			name = "[CP] Copy Pods Resources";
			outputPaths = (
			);
			runOnlyForDeploymentPostprocessing = 0;
			shellPath = /bin/sh;
			shellScript = "\"${SRCROOT}/Pods/Target Support Files/Pods-Reel/Pods-Reel-resources.sh\"\n";
			showEnvVarsInLog = 0;
		};
		8874476BAB091A14F7E1EABB /* [CP] Embed Pods Frameworks */ = {
			isa = PBXShellScriptBuildPhase;
			buildActionMask = 2147483647;
			files = (
			);
			inputPaths = (
				"${SRCROOT}/Pods/Target Support Files/Pods-Reel/Pods-Reel-frameworks.sh",
				"${BUILT_PRODUCTS_DIR}/Alamofire/Alamofire.framework",
				"${BUILT_PRODUCTS_DIR}/Bolts/Bolts.framework",
				"${BUILT_PRODUCTS_DIR}/FBSDKCoreKit/FBSDKCoreKit.framework",
				"${BUILT_PRODUCTS_DIR}/FBSDKLoginKit/FBSDKLoginKit.framework",
				"${BUILT_PRODUCTS_DIR}/FBSDKShareKit/FBSDKShareKit.framework",
				"${BUILT_PRODUCTS_DIR}/FacebookAuth/FacebookAuth.framework",
				"${BUILT_PRODUCTS_DIR}/FacebookCore/FacebookCore.framework",
				"${BUILT_PRODUCTS_DIR}/FacebookLogin/FacebookLogin.framework",
				"${BUILT_PRODUCTS_DIR}/FacebookShare/FacebookShare.framework",
				"${BUILT_PRODUCTS_DIR}/SwiftyJSON/SwiftyJSON.framework",
			);
			name = "[CP] Embed Pods Frameworks";
			outputPaths = (
				"${TARGET_BUILD_DIR}/${FRAMEWORKS_FOLDER_PATH}/Alamofire.framework",
				"${TARGET_BUILD_DIR}/${FRAMEWORKS_FOLDER_PATH}/Bolts.framework",
				"${TARGET_BUILD_DIR}/${FRAMEWORKS_FOLDER_PATH}/FBSDKCoreKit.framework",
				"${TARGET_BUILD_DIR}/${FRAMEWORKS_FOLDER_PATH}/FBSDKLoginKit.framework",
				"${TARGET_BUILD_DIR}/${FRAMEWORKS_FOLDER_PATH}/FBSDKShareKit.framework",
				"${TARGET_BUILD_DIR}/${FRAMEWORKS_FOLDER_PATH}/FacebookAuth.framework",
				"${TARGET_BUILD_DIR}/${FRAMEWORKS_FOLDER_PATH}/FacebookCore.framework",
				"${TARGET_BUILD_DIR}/${FRAMEWORKS_FOLDER_PATH}/FacebookLogin.framework",
				"${TARGET_BUILD_DIR}/${FRAMEWORKS_FOLDER_PATH}/FacebookShare.framework",
				"${TARGET_BUILD_DIR}/${FRAMEWORKS_FOLDER_PATH}/SwiftyJSON.framework",
			);
			runOnlyForDeploymentPostprocessing = 0;
			shellPath = /bin/sh;
			shellScript = "\"${SRCROOT}/Pods/Target Support Files/Pods-Reel/Pods-Reel-frameworks.sh\"\n";
			showEnvVarsInLog = 0;
		};
		9BD95E216F7777F54E759855 /* [CP] Check Pods Manifest.lock */ = {
			isa = PBXShellScriptBuildPhase;
			buildActionMask = 2147483647;
			files = (
			);
			inputPaths = (
				"${PODS_PODFILE_DIR_PATH}/Podfile.lock",
				"${PODS_ROOT}/Manifest.lock",
			);
			name = "[CP] Check Pods Manifest.lock";
			outputPaths = (
				"$(DERIVED_FILE_DIR)/Pods-Reel-checkManifestLockResult.txt",
			);
			runOnlyForDeploymentPostprocessing = 0;
			shellPath = /bin/sh;
			shellScript = "diff \"${PODS_PODFILE_DIR_PATH}/Podfile.lock\" \"${PODS_ROOT}/Manifest.lock\" > /dev/null\nif [ $? != 0 ] ; then\n    # print error to STDERR\n    echo \"error: The sandbox is not in sync with the Podfile.lock. Run 'pod install' or update your CocoaPods installation.\" >&2\n    exit 1\nfi\n# This output is used by Xcode 'outputs' to avoid re-running this script phase.\necho \"SUCCESS\" > \"${SCRIPT_OUTPUT_FILE_0}\"\n";
			showEnvVarsInLog = 0;
		};
/* End PBXShellScriptBuildPhase section */

/* Begin PBXSourcesBuildPhase section */
		4D89778A1FD27B970077DF52 /* Sources */ = {
			isa = PBXSourcesBuildPhase;
			buildActionMask = 2147483647;
			files = (
				4D7465271FD31CA900198A5B /* NewsReelTableViewController.swift in Sources */,
				4D7465181FD2FE3500198A5B /* ProfileTableViewController.swift in Sources */,
				4D7465251FD31C9A00198A5B /* BuddyTableViewController.swift in Sources */,
				4D7465201FD2FF0700198A5B /* ReelTableViewCell.swift in Sources */,
				4D74651C1FD2FEF900198A5B /* ProfileTableViewCell.swift in Sources */,
				4D7465291FD3223F00198A5B /* BuddyTableViewCell.swift in Sources */,
				4D8977941FD27B970077DF52 /* ViewController.swift in Sources */,
				4D74651E1FD2FF0200198A5B /* QueueTableViewCell.swift in Sources */,
				4D8977921FD27B970077DF52 /* AppDelegate.swift in Sources */,
				4D89779A1FD27B970077DF52 /* Reel.xcdatamodeld in Sources */,
				4DEE0BA01FD2A28200263EF2 /* GBKeys.swift in Sources */,
				4D7465221FD3001300198A5B /* User.swift in Sources */,
				4DDE7E491FD29ED7003DA4B3 /* GBAPIClient.swift in Sources */,
			);
			runOnlyForDeploymentPostprocessing = 0;
		};
/* End PBXSourcesBuildPhase section */

/* Begin PBXVariantGroup section */
		4D8977951FD27B970077DF52 /* Main.storyboard */ = {
			isa = PBXVariantGroup;
			children = (
				4D8977961FD27B970077DF52 /* Base */,
			);
			name = Main.storyboard;
			sourceTree = "<group>";
		};
		4D89779D1FD27B970077DF52 /* LaunchScreen.storyboard */ = {
			isa = PBXVariantGroup;
			children = (
				4D89779E1FD27B970077DF52 /* Base */,
			);
			name = LaunchScreen.storyboard;
			sourceTree = "<group>";
		};
/* End PBXVariantGroup section */

/* Begin XCBuildConfiguration section */
		4D8977A11FD27B970077DF52 /* Debug */ = {
			isa = XCBuildConfiguration;
			buildSettings = {
				ALWAYS_SEARCH_USER_PATHS = NO;
				CLANG_ANALYZER_NONNULL = YES;
				CLANG_ANALYZER_NUMBER_OBJECT_CONVERSION = YES_AGGRESSIVE;
				CLANG_CXX_LANGUAGE_STANDARD = "gnu++14";
				CLANG_CXX_LIBRARY = "libc++";
				CLANG_ENABLE_MODULES = YES;
				CLANG_ENABLE_OBJC_ARC = YES;
				CLANG_WARN_BLOCK_CAPTURE_AUTORELEASING = YES;
				CLANG_WARN_BOOL_CONVERSION = YES;
				CLANG_WARN_COMMA = YES;
				CLANG_WARN_CONSTANT_CONVERSION = YES;
				CLANG_WARN_DIRECT_OBJC_ISA_USAGE = YES_ERROR;
				CLANG_WARN_DOCUMENTATION_COMMENTS = YES;
				CLANG_WARN_EMPTY_BODY = YES;
				CLANG_WARN_ENUM_CONVERSION = YES;
				CLANG_WARN_INFINITE_RECURSION = YES;
				CLANG_WARN_INT_CONVERSION = YES;
				CLANG_WARN_NON_LITERAL_NULL_CONVERSION = YES;
				CLANG_WARN_OBJC_LITERAL_CONVERSION = YES;
				CLANG_WARN_OBJC_ROOT_CLASS = YES_ERROR;
				CLANG_WARN_RANGE_LOOP_ANALYSIS = YES;
				CLANG_WARN_STRICT_PROTOTYPES = YES;
				CLANG_WARN_SUSPICIOUS_MOVE = YES;
				CLANG_WARN_UNGUARDED_AVAILABILITY = YES_AGGRESSIVE;
				CLANG_WARN_UNREACHABLE_CODE = YES;
				CLANG_WARN__DUPLICATE_METHOD_MATCH = YES;
				CODE_SIGN_IDENTITY = "iPhone Developer";
				COPY_PHASE_STRIP = NO;
				DEBUG_INFORMATION_FORMAT = dwarf;
				ENABLE_STRICT_OBJC_MSGSEND = YES;
				ENABLE_TESTABILITY = YES;
				GCC_C_LANGUAGE_STANDARD = gnu11;
				GCC_DYNAMIC_NO_PIC = NO;
				GCC_NO_COMMON_BLOCKS = YES;
				GCC_OPTIMIZATION_LEVEL = 0;
				GCC_PREPROCESSOR_DEFINITIONS = (
					"DEBUG=1",
					"$(inherited)",
				);
				GCC_WARN_64_TO_32_BIT_CONVERSION = YES;
				GCC_WARN_ABOUT_RETURN_TYPE = YES_ERROR;
				GCC_WARN_UNDECLARED_SELECTOR = YES;
				GCC_WARN_UNINITIALIZED_AUTOS = YES_AGGRESSIVE;
				GCC_WARN_UNUSED_FUNCTION = YES;
				GCC_WARN_UNUSED_VARIABLE = YES;
				IPHONEOS_DEPLOYMENT_TARGET = 11.0;
				MTL_ENABLE_DEBUG_INFO = YES;
				ONLY_ACTIVE_ARCH = YES;
				SDKROOT = iphoneos;
				SWIFT_ACTIVE_COMPILATION_CONDITIONS = DEBUG;
				SWIFT_OPTIMIZATION_LEVEL = "-Onone";
			};
			name = Debug;
		};
		4D8977A21FD27B970077DF52 /* Release */ = {
			isa = XCBuildConfiguration;
			buildSettings = {
				ALWAYS_SEARCH_USER_PATHS = NO;
				CLANG_ANALYZER_NONNULL = YES;
				CLANG_ANALYZER_NUMBER_OBJECT_CONVERSION = YES_AGGRESSIVE;
				CLANG_CXX_LANGUAGE_STANDARD = "gnu++14";
				CLANG_CXX_LIBRARY = "libc++";
				CLANG_ENABLE_MODULES = YES;
				CLANG_ENABLE_OBJC_ARC = YES;
				CLANG_WARN_BLOCK_CAPTURE_AUTORELEASING = YES;
				CLANG_WARN_BOOL_CONVERSION = YES;
				CLANG_WARN_COMMA = YES;
				CLANG_WARN_CONSTANT_CONVERSION = YES;
				CLANG_WARN_DIRECT_OBJC_ISA_USAGE = YES_ERROR;
				CLANG_WARN_DOCUMENTATION_COMMENTS = YES;
				CLANG_WARN_EMPTY_BODY = YES;
				CLANG_WARN_ENUM_CONVERSION = YES;
				CLANG_WARN_INFINITE_RECURSION = YES;
				CLANG_WARN_INT_CONVERSION = YES;
				CLANG_WARN_NON_LITERAL_NULL_CONVERSION = YES;
				CLANG_WARN_OBJC_LITERAL_CONVERSION = YES;
				CLANG_WARN_OBJC_ROOT_CLASS = YES_ERROR;
				CLANG_WARN_RANGE_LOOP_ANALYSIS = YES;
				CLANG_WARN_STRICT_PROTOTYPES = YES;
				CLANG_WARN_SUSPICIOUS_MOVE = YES;
				CLANG_WARN_UNGUARDED_AVAILABILITY = YES_AGGRESSIVE;
				CLANG_WARN_UNREACHABLE_CODE = YES;
				CLANG_WARN__DUPLICATE_METHOD_MATCH = YES;
				CODE_SIGN_IDENTITY = "iPhone Developer";
				COPY_PHASE_STRIP = NO;
				DEBUG_INFORMATION_FORMAT = "dwarf-with-dsym";
				ENABLE_NS_ASSERTIONS = NO;
				ENABLE_STRICT_OBJC_MSGSEND = YES;
				GCC_C_LANGUAGE_STANDARD = gnu11;
				GCC_NO_COMMON_BLOCKS = YES;
				GCC_WARN_64_TO_32_BIT_CONVERSION = YES;
				GCC_WARN_ABOUT_RETURN_TYPE = YES_ERROR;
				GCC_WARN_UNDECLARED_SELECTOR = YES;
				GCC_WARN_UNINITIALIZED_AUTOS = YES_AGGRESSIVE;
				GCC_WARN_UNUSED_FUNCTION = YES;
				GCC_WARN_UNUSED_VARIABLE = YES;
				IPHONEOS_DEPLOYMENT_TARGET = 11.0;
				MTL_ENABLE_DEBUG_INFO = NO;
				SDKROOT = iphoneos;
				SWIFT_OPTIMIZATION_LEVEL = "-Owholemodule";
				VALIDATE_PRODUCT = YES;
			};
			name = Release;
		};
		4D8977A41FD27B970077DF52 /* Debug */ = {
			isa = XCBuildConfiguration;
			baseConfigurationReference = 9AE9DD874A7C01698B82655A /* Pods-Reel.debug.xcconfig */;
			buildSettings = {
				ASSETCATALOG_COMPILER_APPICON_NAME = AppIcon;
				CODE_SIGN_ENTITLEMENTS = Reel/Reel.entitlements;
				CODE_SIGN_STYLE = Automatic;
				DEVELOPMENT_TEAM = ZK2P8S7A36;
				INFOPLIST_FILE = Reel/Info.plist;
				LD_RUNPATH_SEARCH_PATHS = "$(inherited) @executable_path/Frameworks";
				PRODUCT_BUNDLE_IDENTIFIER = YHackWes.Reel;
				PRODUCT_NAME = "$(TARGET_NAME)";
				SWIFT_VERSION = 4.0;
				TARGETED_DEVICE_FAMILY = "1,2";
			};
			name = Debug;
		};
		4D8977A51FD27B970077DF52 /* Release */ = {
			isa = XCBuildConfiguration;
			baseConfigurationReference = CAA02DBDE7128004F15E22EC /* Pods-Reel.release.xcconfig */;
			buildSettings = {
				ASSETCATALOG_COMPILER_APPICON_NAME = AppIcon;
				CODE_SIGN_ENTITLEMENTS = Reel/Reel.entitlements;
				CODE_SIGN_STYLE = Automatic;
				DEVELOPMENT_TEAM = ZK2P8S7A36;
				INFOPLIST_FILE = Reel/Info.plist;
				LD_RUNPATH_SEARCH_PATHS = "$(inherited) @executable_path/Frameworks";
				PRODUCT_BUNDLE_IDENTIFIER = YHackWes.Reel;
				PRODUCT_NAME = "$(TARGET_NAME)";
				SWIFT_VERSION = 4.0;
				TARGETED_DEVICE_FAMILY = "1,2";
			};
			name = Release;
		};
/* End XCBuildConfiguration section */

/* Begin XCConfigurationList section */
		4D8977891FD27B970077DF52 /* Build configuration list for PBXProject "Reel" */ = {
			isa = XCConfigurationList;
			buildConfigurations = (
				4D8977A11FD27B970077DF52 /* Debug */,
				4D8977A21FD27B970077DF52 /* Release */,
			);
			defaultConfigurationIsVisible = 0;
			defaultConfigurationName = Release;
		};
		4D8977A31FD27B970077DF52 /* Build configuration list for PBXNativeTarget "Reel" */ = {
			isa = XCConfigurationList;
			buildConfigurations = (
				4D8977A41FD27B970077DF52 /* Debug */,
				4D8977A51FD27B970077DF52 /* Release */,
			);
			defaultConfigurationIsVisible = 0;
			defaultConfigurationName = Release;
		};
/* End XCConfigurationList section */

/* Begin XCVersionGroup section */
		4D8977981FD27B970077DF52 /* Reel.xcdatamodeld */ = {
			isa = XCVersionGroup;
			children = (
				4D8977991FD27B970077DF52 /* Reel.xcdatamodel */,
			);
			currentVersion = 4D8977991FD27B970077DF52 /* Reel.xcdatamodel */;
			path = Reel.xcdatamodeld;
			sourceTree = "<group>";
			versionGroupType = wrapper.xcdatamodel;
		};
/* End XCVersionGroup section */
	};
	rootObject = 4D8977861FD27B970077DF52 /* Project object */;
}
